{
  "object": {
    "pins": [
      {
        "package": "Qlift",
        "repositoryURL": "https://github.com/DimaRU/qlift",
        "state": {
          "branch": "qt5",
          "revision": "7d016718ad711bba1edde6d6081028a89c4f17aa",
          "version": null
        }
      }
    ]
  },
  "version": 1
}
