{
  "object": {
    "pins": [
      {
        "package": "Qlift",
        "repositoryURL": "https://github.com/DimaRU/qlift",
        "state": {
          "branch": "master",
          "revision": "7853a63da769b1c961175721f7ba57dfac391aaf",
          "version": null
        }
      }
    ]
  },
  "version": 1
}
